
Microsoft Visual Studio Solution File, Format Version 12.00
# Visual Studio Version 17
VisualStudioVersion = 17.3.32825.248
MinimumVisualStudioVersion = 10.0.40219.1
Project("{FAE04EC0-301F-11D3-BF4B-00C04F79EFBC}") = "UI", "UI\UI.csproj", "{7B29DEE8-63CA-4FB1-A98F-3D4C7868197C}"
EndProject
Project("{FAE04EC0-301F-11D3-BF4B-00C04F79EFBC}") = "DemoLibrary", "DemoLibrary\DemoLibrary.csproj", "{8B2B052F-599F-4C9B-B4FC-052ACE059669}"
EndProject
Project("{FAE04EC0-301F-11D3-BF4B-00C04F79EFBC}") = "DemoApi", "DemoApi\DemoApi.csproj", "{34F1EC9C-E322-4346-8421-138664871330}"
EndProject
Global
	GlobalSection(SolutionConfigurationPlatforms) = preSolution
		Debug|Any CPU = Debug|Any CPU
		Release|Any CPU = Release|Any CPU
	EndGlobalSection
	GlobalSection(ProjectConfigurationPlatforms) = postSolution
		{7B29DEE8-63CA-4FB1-A98F-3D4C7868197C}.Debug|Any CPU.ActiveCfg = Debug|Any CPU
		{7B29DEE8-63CA-4FB1-A98F-3D4C7868197C}.Debug|Any CPU.Build.0 = Debug|Any CPU
		{7B29DEE8-63CA-4FB1-A98F-3D4C7868197C}.Release|Any CPU.ActiveCfg = Release|Any CPU
		{7B29DEE8-63CA-4FB1-A98F-3D4C7868197C}.Release|Any CPU.Build.0 = Release|Any CPU
		{8B2B052F-599F-4C9B-B4FC-052ACE059669}.Debug|Any CPU.ActiveCfg = Debug|Any CPU
		{8B2B052F-599F-4C9B-B4FC-052ACE059669}.Debug|Any CPU.Build.0 = Debug|Any CPU
		{8B2B052F-599F-4C9B-B4FC-052ACE059669}.Release|Any CPU.ActiveCfg = Release|Any CPU
		{8B2B052F-599F-4C9B-B4FC-052ACE059669}.Release|Any CPU.Build.0 = Release|Any CPU
		{34F1EC9C-E322-4346-8421-138664871330}.Debug|Any CPU.ActiveCfg = Debug|Any CPU
		{34F1EC9C-E322-4346-8421-138664871330}.Debug|Any CPU.Build.0 = Debug|Any CPU
		{34F1EC9C-E322-4346-8421-138664871330}.Release|Any CPU.ActiveCfg = Release|Any CPU
		{34F1EC9C-E322-4346-8421-138664871330}.Release|Any CPU.Build.0 = Release|Any CPU
	EndGlobalSection
	GlobalSection(SolutionProperties) = preSolution
		HideSolutionNode = FALSE
	EndGlobalSection
	GlobalSection(ExtensibilityGlobals) = postSolution
		SolutionGuid = {DAE0EF63-01FC-493D-9869-39CF35E68903}
	EndGlobalSection
EndGlobal
